
Microsoft Visual Studio Solution File, Format Version 12.00
# Visual Studio Version 17
VisualStudioVersion = 17.8.34112.27
MinimumVisualStudioVersion = 10.0.40219.1
Project("{9A19103F-16F7-4668-BE54-9A1E7A4F7556}") = "BlazorDemoApp", "BlazorDemoApp\BlazorDemoApp.csproj", "{0942DF6F-05CB-4B98-BA2F-E49A25ACA117}"
EndProject
Project("{9A19103F-16F7-4668-BE54-9A1E7A4F7556}") = "BlazorDemoApp.Client", "BlazorDemoApp.Client\BlazorDemoApp.Client.csproj", "{783FA0B4-C968-4497-B37B-DD3D8D2AADFB}"
EndProject
Project("{9A19103F-16F7-4668-BE54-9A1E7A4F7556}") = "BlazorDemoApp.Shared", "BlazorDemoApp.Shared\BlazorDemoApp.Shared.csproj", "{C4ECB112-CA28-4743-91F8-2A25DEDAC92D}"
EndProject
Global
	GlobalSection(SolutionConfigurationPlatforms) = preSolution
		Debug|Any CPU = Debug|Any CPU
		Release|Any CPU = Release|Any CPU
	EndGlobalSection
	GlobalSection(ProjectConfigurationPlatforms) = postSolution
		{0942DF6F-05CB-4B98-BA2F-E49A25ACA117}.Debug|Any CPU.ActiveCfg = Debug|Any CPU
		{0942DF6F-05CB-4B98-BA2F-E49A25ACA117}.Debug|Any CPU.Build.0 = Debug|Any CPU
		{0942DF6F-05CB-4B98-BA2F-E49A25ACA117}.Release|Any CPU.ActiveCfg = Release|Any CPU
		{0942DF6F-05CB-4B98-BA2F-E49A25ACA117}.Release|Any CPU.Build.0 = Release|Any CPU
		{783FA0B4-C968-4497-B37B-DD3D8D2AADFB}.Debug|Any CPU.ActiveCfg = Debug|Any CPU
		{783FA0B4-C968-4497-B37B-DD3D8D2AADFB}.Debug|Any CPU.Build.0 = Debug|Any CPU
		{783FA0B4-C968-4497-B37B-DD3D8D2AADFB}.Release|Any CPU.ActiveCfg = Release|Any CPU
		{783FA0B4-C968-4497-B37B-DD3D8D2AADFB}.Release|Any CPU.Build.0 = Release|Any CPU
		{C4ECB112-CA28-4743-91F8-2A25DEDAC92D}.Debug|Any CPU.ActiveCfg = Debug|Any CPU
		{C4ECB112-CA28-4743-91F8-2A25DEDAC92D}.Debug|Any CPU.Build.0 = Debug|Any CPU
		{C4ECB112-CA28-4743-91F8-2A25DEDAC92D}.Release|Any CPU.ActiveCfg = Release|Any CPU
		{C4ECB112-CA28-4743-91F8-2A25DEDAC92D}.Release|Any CPU.Build.0 = Release|Any CPU
	EndGlobalSection
	GlobalSection(SolutionProperties) = preSolution
		HideSolutionNode = FALSE
	EndGlobalSection
	GlobalSection(ExtensibilityGlobals) = postSolution
		SolutionGuid = {4BD3F077-3D77-4835-A9BF-0203983E26C0}
	EndGlobalSection
EndGlobal
